<?xml version="1.0" encoding="utf-8"?>
<Project ToolsVersion="4.0" xmlns="http://schemas.microsoft.com/developer/msbuild/2003">
  <ItemGroup>
    <Filter Include="Source Files">
      <UniqueIdentifier>{7af26bba-bc55-4aeb-b691-897596c78914}</UniqueIdentifier>
      <Extensions>cpp;c;cxx;rc;def;r;odl;idl;hpj;bat</Extensions>
    </Filter>
    <Filter Include="Header Files">
      <UniqueIdentifier>{8efc4d8f-7f3a-4085-9c33-b858fe49cd08}</UniqueIdentifier>
      <Extensions>h;hpp;hxx;hm;inl</Extensions>
    </Filter>
    <Filter Include="Resource Files">
      <UniqueIdentifier>{4f3cdab8-825f-496b-9846-59d2f36c16db}</UniqueIdentifier>
      <Extensions>ico;cur;bmp;dlg;rc2;rct;bin;rgs;gif;jpg;jpeg;jpe</Extensions>
    </Filter>
  </ItemGroup>
  <ItemGroup>
    <ClCompile Include="align.cpp">
      <Filter>Source Files</Filter>
    </ClCompile>
    <ClCompile Include="alignment_view.cpp">
      <Filter>Source Files</Filter>
    </ClCompile>
    <ClCompile Include="ancestral_compute.cpp">
      <Filter>Source Files</Filter>
    </ClCompile>
    <ClCompile Include="ancestral_seq_tab.cpp">
      <Filter>Source Files</Filter>
    </ClCompile>
    <ClCompile Include="asymmetric_test_one.cpp">
      <Filter>Source Files</Filter>
    </ClCompile>
    <ClCompile Include="asymmetric_test_one_tab.cpp">
      <Filter>Source Files</Filter>
    </ClCompile>
    <ClCompile Include="cluster.cpp">
      <Filter>Source Files</Filter>
    </ClCompile>
    <ClCompile Include="clustering_tab.cpp">
      <Filter>Source Files</Filter>
    </ClCompile>
    <ClCompile Include="effective_number.cpp">
      <Filter>Source Files</Filter>
    </ClCompile>
    <ClCompile Include="effective_number_sites_tab.cpp">
      <Filter>Source Files</Filter>
    </ClCompile>
    <ClCompile Include="false_discovery_rate.cpp">
      <Filter>Source Files</Filter>
    </ClCompile>
    <ClCompile Include="false_discovery_rate_tab.cpp">
      <Filter>Source Files</Filter>
    </ClCompile>
    <ClCompile Include="fdr_graph_view.cpp">
      <Filter>Source Files</Filter>
    </ClCompile>
    <ClCompile Include="func_dist_tab.cpp">
      <Filter>Source Files</Filter>
    </ClCompile>
    <ClCompile Include="graph_view.cpp">
      <Filter>Source Files</Filter>
    </ClCompile>
    <ClCompile Include="graphics_utils.cpp">
      <Filter>Source Files</Filter>
    </ClCompile>
    <ClCompile Include="gu2001.cpp">
      <Filter>Source Files</Filter>
    </ClCompile>
    <ClCompile Include="gu2001_method_tab.cpp">
      <Filter>Source Files</Filter>
    </ClCompile>
    <ClCompile Include="gu99.cpp">
      <Filter>Source Files</Filter>
    </ClCompile>
    <ClCompile Include="gu99_method_tab.cpp">
      <Filter>Source Files</Filter>
    </ClCompile>
    <ClCompile Include="guwidget.cpp">
      <Filter>Source Files</Filter>
    </ClCompile>
    <ClCompile Include="gz97.cpp">
      <Filter>Source Files</Filter>
    </ClCompile>
    <ClCompile Include="GZf2.cpp">
      <Filter>Source Files</Filter>
    </ClCompile>
    <ClCompile Include="main.cpp">
      <Filter>Source Files</Filter>
    </ClCompile>
    <ClCompile Include="mainwindow.cpp">
      <Filter>Source Files</Filter>
    </ClCompile>
    <ClCompile Include="method_tab.cpp">
      <Filter>Source Files</Filter>
    </ClCompile>
    <ClCompile Include="moc_alignment_view.cpp">
      <Filter>Source Files</Filter>
    </ClCompile>
    <ClCompile Include="moc_ancestral_seq_tab.cpp">
      <Filter>Source Files</Filter>
    </ClCompile>
    <ClCompile Include="moc_asymmetric_test_one_tab.cpp">
      <Filter>Source Files</Filter>
    </ClCompile>
    <ClCompile Include="moc_clustering_tab.cpp">
      <Filter>Source Files</Filter>
    </ClCompile>
    <ClCompile Include="moc_effective_number_sites_tab.cpp">
      <Filter>Source Files</Filter>
    </ClCompile>
    <ClCompile Include="moc_false_discovery_rate_tab.cpp">
      <Filter>Source Files</Filter>
    </ClCompile>
    <ClCompile Include="moc_func_dist_tab.cpp">
      <Filter>Source Files</Filter>
    </ClCompile>
    <ClCompile Include="moc_graph_view.cpp">
      <Filter>Source Files</Filter>
    </ClCompile>
    <ClCompile Include="moc_gu2001_method_tab.cpp">
      <Filter>Source Files</Filter>
    </ClCompile>
    <ClCompile Include="moc_gu99_method_tab.cpp">
      <Filter>Source Files</Filter>
    </ClCompile>
    <ClCompile Include="moc_guwidget.cpp">
      <Filter>Source Files</Filter>
    </ClCompile>
    <ClCompile Include="moc_mainwindow.cpp">
      <Filter>Source Files</Filter>
    </ClCompile>
    <ClCompile Include="moc_method_tab.cpp">
      <Filter>Source Files</Filter>
    </ClCompile>
    <ClCompile Include="moc_pdb_viewer.cpp">
      <Filter>Source Files</Filter>
    </ClCompile>
    <ClCompile Include="moc_qlistview_wcs.cpp">
      <Filter>Source Files</Filter>
    </ClCompile>
    <ClCompile Include="moc_rvs_tab.cpp">
      <Filter>Source Files</Filter>
    </ClCompile>
    <ClCompile Include="moc_sequences_tab.cpp">
      <Filter>Source Files</Filter>
    </ClCompile>
    <ClCompile Include="moc_tip_window.cpp">
      <Filter>Source Files</Filter>
    </ClCompile>
    <ClCompile Include="moc_tree_view.cpp">
      <Filter>Source Files</Filter>
    </ClCompile>
    <ClCompile Include="moc_type_one_method_tab.cpp">
      <Filter>Source Files</Filter>
    </ClCompile>
    <ClCompile Include="moc_type_two_method_tab.cpp">
      <Filter>Source Files</Filter>
    </ClCompile>
    <ClCompile Include="pdb.cpp">
      <Filter>Source Files</Filter>
    </ClCompile>
    <ClCompile Include="pdb_viewer.cpp">
      <Filter>Source Files</Filter>
    </ClCompile>
    <ClCompile Include="progress.cpp">
      <Filter>Source Files</Filter>
    </ClCompile>
    <ClCompile Include="qlistview_wcs.cpp">
      <Filter>Source Files</Filter>
    </ClCompile>
    <ClCompile Include="resources.cpp">
      <Filter>Source Files</Filter>
    </ClCompile>
    <ClCompile Include="rvs.cpp">
      <Filter>Source Files</Filter>
    </ClCompile>
    <ClCompile Include="rvs_tab.cpp">
      <Filter>Source Files</Filter>
    </ClCompile>
    <ClCompile Include="sequence.cpp">
      <Filter>Source Files</Filter>
    </ClCompile>
    <ClCompile Include="sequences_tab.cpp">
      <Filter>Source Files</Filter>
    </ClCompile>
    <ClCompile Include="splash_window.cpp">
      <Filter>Source Files</Filter>
    </ClCompile>
    <ClCompile Include="star_view.cpp">
      <Filter>Source Files</Filter>
    </ClCompile>
    <ClCompile Include="tip_window.cpp">
      <Filter>Source Files</Filter>
    </ClCompile>
    <ClCompile Include="tree.cpp">
      <Filter>Source Files</Filter>
    </ClCompile>
    <ClCompile Include="tree_view.cpp">
      <Filter>Source Files</Filter>
    </ClCompile>
    <ClCompile Include="type_one.cpp">
      <Filter>Source Files</Filter>
    </ClCompile>
    <ClCompile Include="type_one_method_tab.cpp">
      <Filter>Source Files</Filter>
    </ClCompile>
    <ClCompile Include="type_two.cpp">
      <Filter>Source Files</Filter>
    </ClCompile>
    <ClCompile Include="type_two_method_tab.cpp">
      <Filter>Source Files</Filter>
    </ClCompile>
  </ItemGroup>
  <ItemGroup>
    <ClInclude Include="align.h">
      <Filter>Header Files</Filter>
    </ClInclude>
    <ClInclude Include="alignment_view.h">
      <Filter>Header Files</Filter>
    </ClInclude>
    <ClInclude Include="ancestral_compute.h">
      <Filter>Header Files</Filter>
    </ClInclude>
    <ClInclude Include="ancestral_seq_tab.h">
      <Filter>Header Files</Filter>
    </ClInclude>
    <ClInclude Include="asymmetric_test_one.h">
      <Filter>Header Files</Filter>
    </ClInclude>
    <ClInclude Include="asymmetric_test_one_tab.h">
      <Filter>Header Files</Filter>
    </ClInclude>
    <ClInclude Include="cluster.h">
      <Filter>Header Files</Filter>
    </ClInclude>
    <ClInclude Include="clustering_tab.h">
      <Filter>Header Files</Filter>
    </ClInclude>
    <ClInclude Include="common.h">
      <Filter>Header Files</Filter>
    </ClInclude>
    <ClInclude Include="effective_number.h">
      <Filter>Header Files</Filter>
    </ClInclude>
    <ClInclude Include="effective_number_sites_tab.h">
      <Filter>Header Files</Filter>
    </ClInclude>
    <ClInclude Include="false_discovery_rate.h">
      <Filter>Header Files</Filter>
    </ClInclude>
    <ClInclude Include="false_discovery_rate_tab.h">
      <Filter>Header Files</Filter>
    </ClInclude>
    <ClInclude Include="fdr_graph_view.h">
      <Filter>Header Files</Filter>
    </ClInclude>
    <ClInclude Include="func_dist_tab.h">
      <Filter>Header Files</Filter>
    </ClInclude>
    <ClInclude Include="global.h">
      <Filter>Header Files</Filter>
    </ClInclude>
    <ClInclude Include="graph_view.h">
      <Filter>Header Files</Filter>
    </ClInclude>
    <ClInclude Include="graphics_utils.h">
      <Filter>Header Files</Filter>
    </ClInclude>
    <ClInclude Include="gu2001.h">
      <Filter>Header Files</Filter>
    </ClInclude>
    <ClInclude Include="gu2001_method_tab.h">
      <Filter>Header Files</Filter>
    </ClInclude>
    <ClInclude Include="gu99.h">
      <Filter>Header Files</Filter>
    </ClInclude>
    <ClInclude Include="gu99_method_tab.h">
      <Filter>Header Files</Filter>
    </ClInclude>
    <ClInclude Include="guwidget.h">
      <Filter>Header Files</Filter>
    </ClInclude>
    <ClInclude Include="gz97.h">
      <Filter>Header Files</Filter>
    </ClInclude>
    <ClInclude Include="GZf2.h">
      <Filter>Header Files</Filter>
    </ClInclude>
    <ClInclude Include="mainwindow.h">
      <Filter>Header Files</Filter>
    </ClInclude>
    <ClInclude Include="matrices.h">
      <Filter>Header Files</Filter>
    </ClInclude>
    <ClInclude Include="matrix.h">
      <Filter>Header Files</Filter>
    </ClInclude>
    <ClInclude Include="method_tab.h">
      <Filter>Header Files</Filter>
    </ClInclude>
    <ClInclude Include="pdb.h">
      <Filter>Header Files</Filter>
    </ClInclude>
    <ClInclude Include="pdb_viewer.h">
      <Filter>Header Files</Filter>
    </ClInclude>
    <ClInclude Include="progress.h">
      <Filter>Header Files</Filter>
    </ClInclude>
    <ClInclude Include="qlistview_wcs.h">
      <Filter>Header Files</Filter>
    </ClInclude>
    <ClInclude Include="resources.h">
      <Filter>Header Files</Filter>
    </ClInclude>
    <ClInclude Include="result.h">
      <Filter>Header Files</Filter>
    </ClInclude>
    <ClInclude Include="rvs.h">
      <Filter>Header Files</Filter>
    </ClInclude>
    <ClInclude Include="rvs_tab.h">
      <Filter>Header Files</Filter>
    </ClInclude>
    <ClInclude Include="sequence.h">
      <Filter>Header Files</Filter>
    </ClInclude>
    <ClInclude Include="sequences_tab.h">
      <Filter>Header Files</Filter>
    </ClInclude>
    <ClInclude Include="splash_window.h">
      <Filter>Header Files</Filter>
    </ClInclude>
    <ClInclude Include="star_view.h">
      <Filter>Header Files</Filter>
    </ClInclude>
    <ClInclude Include="tip_window.h">
      <Filter>Header Files</Filter>
    </ClInclude>
    <ClInclude Include="tree.h">
      <Filter>Header Files</Filter>
    </ClInclude>
    <ClInclude Include="tree_view.h">
      <Filter>Header Files</Filter>
    </ClInclude>
    <ClInclude Include="type_one.h">
      <Filter>Header Files</Filter>
    </ClInclude>
    <ClInclude Include="type_one_method_tab.h">
      <Filter>Header Files</Filter>
    </ClInclude>
    <ClInclude Include="type_two.h">
      <Filter>Header Files</Filter>
    </ClInclude>
    <ClInclude Include="type_two_method_tab.h">
      <Filter>Header Files</Filter>
    </ClInclude>
  </ItemGroup>
</Project>